<?xml version="1.0" encoding="utf-8"?>
<Project ToolsVersion="4.0" xmlns="http://schemas.microsoft.com/developer/msbuild/2003">
  <ItemGroup>
    <Filter Include="Source Files">
      <UniqueIdentifier>{4FC737F1-C7A5-4376-A066-2A32D752A2FF}</UniqueIdentifier>
      <Extensions>cpp;c;cc;cxx;c++;cppm;ixx;def;odl;idl;hpj;bat;asm;asmx</Extensions>
    </Filter>
    <Filter Include="Header Files">
      <UniqueIdentifier>{93995380-89BD-4b04-88EB-625FBE52EBFB}</UniqueIdentifier>
      <Extensions>h;hh;hpp;hxx;h++;hm;inl;inc;ipp;xsd</Extensions>
    </Filter>
    <Filter Include="Resource Files">
      <UniqueIdentifier>{67DA6AB6-F800-4c08-8B7A-83BB121AAD01}</UniqueIdentifier>
      <Extensions>rc;ico;cur;bmp;dlg;rc2;rct;bin;rgs;gif;jpg;jpeg;jpe;resx;tiff;tif;png;wav;mfcribbon-ms</Extensions>
    </Filter>
  </ItemGroup>
  <ItemGroup>
    <ClInclude Include="AutoCrit.h">
      <Filter>Header Files</Filter>
    </ClInclude>
    <ClInclude Include="bass.h">
      <Filter>Header Files</Filter>
    </ClInclude>
    <ClInclude Include="BassLoader.h">
      <Filter>Header Files</Filter>
    </ClInclude>
    <ClInclude Include="BassMusicInterface.h">
      <Filter>Header Files</Filter>
    </ClInclude>
    <ClInclude Include="Buffer.h">
      <Filter>Header Files</Filter>
    </ClInclude>
    <ClInclude Include="ButtonListener.h">
      <Filter>Header Files</Filter>
    </ClInclude>
    <ClInclude Include="ButtonWidget.h">
      <Filter>Header Files</Filter>
    </ClInclude>
    <ClInclude Include="Checkbox.h">
      <Filter>Header Files</Filter>
    </ClInclude>
    <ClInclude Include="CheckboxListener.h">
      <Filter>Header Files</Filter>
    </ClInclude>
    <ClInclude Include="Color.h">
      <Filter>Header Files</Filter>
    </ClInclude>
    <ClInclude Include="Common.h">
      <Filter>Header Files</Filter>
    </ClInclude>
    <ClInclude Include="CritSect.h">
      <Filter>Header Files</Filter>
    </ClInclude>
    <ClInclude Include="CursorWidget.h">
      <Filter>Header Files</Filter>
    </ClInclude>
    <ClInclude Include="D3D8Helper.h">
      <Filter>Header Files</Filter>
    </ClInclude>
    <ClInclude Include="D3DInterface.h">
      <Filter>Header Files</Filter>
    </ClInclude>
    <ClInclude Include="D3DTester.h">
      <Filter>Header Files</Filter>
    </ClInclude>
    <ClInclude Include="DDImage.h">
      <Filter>Header Files</Filter>
    </ClInclude>
    <ClInclude Include="DDInterface.h">
      <Filter>Header Files</Filter>
    </ClInclude>
    <ClInclude Include="Debug.h">
      <Filter>Header Files</Filter>
    </ClInclude>
    <ClInclude Include="DescParser.h">
      <Filter>Header Files</Filter>
    </ClInclude>
    <ClInclude Include="Dialog.h">
      <Filter>Header Files</Filter>
    </ClInclude>
    <ClInclude Include="DialogButton.h">
      <Filter>Header Files</Filter>
    </ClInclude>
    <ClInclude Include="DialogListener.h">
      <Filter>Header Files</Filter>
    </ClInclude>
    <ClInclude Include="DirectXErrorString.h">
      <Filter>Header Files</Filter>
    </ClInclude>
    <ClInclude Include="DSoundInstance.h">
      <Filter>Header Files</Filter>
    </ClInclude>
    <ClInclude Include="DSoundManager.h">
      <Filter>Header Files</Filter>
    </ClInclude>
    <ClInclude Include="dsoundversion.h">
      <Filter>Header Files</Filter>
    </ClInclude>
    <ClInclude Include="EditListener.h">
      <Filter>Header Files</Filter>
    </ClInclude>
    <ClInclude Include="EditWidget.h">
      <Filter>Header Files</Filter>
    </ClInclude>
    <ClInclude Include="Flags.h">
      <Filter>Header Files</Filter>
    </ClInclude>
    <ClInclude Include="FlashWidget.h">
      <Filter>Header Files</Filter>
    </ClInclude>
    <ClInclude Include="fmod.h">
      <Filter>Header Files</Filter>
    </ClInclude>
    <ClInclude Include="FModLoader.h">
      <Filter>Header Files</Filter>
    </ClInclude>
    <ClInclude Include="FModMusicInterface.h">
      <Filter>Header Files</Filter>
    </ClInclude>
    <ClInclude Include="FModSoundInstance.h">
      <Filter>Header Files</Filter>
    </ClInclude>
    <ClInclude Include="FModSoundManager.h">
      <Filter>Header Files</Filter>
    </ClInclude>
    <ClInclude Include="Font.h">
      <Filter>Header Files</Filter>
    </ClInclude>
    <ClInclude Include="Graphics.h">
      <Filter>Header Files</Filter>
    </ClInclude>
    <ClInclude Include="HTTPTransfer.h">
      <Filter>Header Files</Filter>
    </ClInclude>
    <ClInclude Include="HyperlinkWidget.h">
      <Filter>Header Files</Filter>
    </ClInclude>
    <ClInclude Include="Image.h">
      <Filter>Header Files</Filter>
    </ClInclude>
    <ClInclude Include="ImageFont.h">
      <Filter>Header Files</Filter>
    </ClInclude>
    <ClInclude Include="Insets.h">
      <Filter>Header Files</Filter>
    </ClInclude>
    <ClInclude Include="KeyCodes.h">
      <Filter>Header Files</Filter>
    </ClInclude>
    <ClInclude Include="ListListener.h">
      <Filter>Header Files</Filter>
    </ClInclude>
    <ClInclude Include="ListWidget.h">
      <Filter>Header Files</Filter>
    </ClInclude>
    <ClInclude Include="memmgr.h">
      <Filter>Header Files</Filter>
    </ClInclude>
    <ClInclude Include="MemoryImage.h">
      <Filter>Header Files</Filter>
    </ClInclude>
    <ClInclude Include="ModVal.h">
      <Filter>Header Files</Filter>
    </ClInclude>
    <ClInclude Include="MTRand.h">
      <Filter>Header Files</Filter>
    </ClInclude>
    <ClInclude Include="MusicInterface.h">
      <Filter>Header Files</Filter>
    </ClInclude>
    <ClInclude Include="NativeDisplay.h">
      <Filter>Header Files</Filter>
    </ClInclude>
    <ClInclude Include="PerfTimer.h">
      <Filter>Header Files</Filter>
    </ClInclude>
    <ClInclude Include="Point.h">
      <Filter>Header Files</Filter>
    </ClInclude>
    <ClInclude Include="PropertiesParser.h">
      <Filter>Header Files</Filter>
    </ClInclude>
    <ClInclude Include="Quantize.h">
      <Filter>Header Files</Filter>
    </ClInclude>
    <ClInclude Include="Ratio.h">
      <Filter>Header Files</Filter>
    </ClInclude>
    <ClInclude Include="Rect.h">
      <Filter>Header Files</Filter>
    </ClInclude>
    <ClInclude Include="ResourceManager.h">
      <Filter>Header Files</Filter>
    </ClInclude>
    <ClInclude Include="ScrollbarWidget.h">
      <Filter>Header Files</Filter>
    </ClInclude>
    <ClInclude Include="ScrollbuttonWidget.h">
      <Filter>Header Files</Filter>
    </ClInclude>
    <ClInclude Include="ScrollListener.h">
      <Filter>Header Files</Filter>
    </ClInclude>
    <ClInclude Include="SEHCatcher.h">
      <Filter>Header Files</Filter>
    </ClInclude>
    <ClInclude Include="SexyAppBase.h">
      <Filter>Header Files</Filter>
    </ClInclude>
    <ClInclude Include="SexyMatrix.h">
      <Filter>Header Files</Filter>
    </ClInclude>
    <ClInclude Include="SexyVector.h">
      <Filter>Header Files</Filter>
    </ClInclude>
    <ClInclude Include="SharedImage.h">
      <Filter>Header Files</Filter>
    </ClInclude>
    <ClInclude Include="Slider.h">
      <Filter>Header Files</Filter>
    </ClInclude>
    <ClInclude Include="SliderListener.h">
      <Filter>Header Files</Filter>
    </ClInclude>
    <ClInclude Include="SmartPtr.h">
      <Filter>Header Files</Filter>
    </ClInclude>
    <ClInclude Include="SoundInstance.h">
      <Filter>Header Files</Filter>
    </ClInclude>
    <ClInclude Include="SoundManager.h">
      <Filter>Header Files</Filter>
    </ClInclude>
    <ClInclude Include="SWTri.h">
      <Filter>Header Files</Filter>
    </ClInclude>
    <ClInclude Include="SysFont.h">
      <Filter>Header Files</Filter>
    </ClInclude>
    <ClInclude Include="TextWidget.h">
      <Filter>Header Files</Filter>
    </ClInclude>
    <ClInclude Include="TriVertex.h">
      <Filter>Header Files</Filter>
    </ClInclude>
    <ClInclude Include="Widget.h">
      <Filter>Header Files</Filter>
    </ClInclude>
    <ClInclude Include="WidgetContainer.h">
      <Filter>Header Files</Filter>
    </ClInclude>
    <ClInclude Include="WidgetManager.h">
      <Filter>Header Files</Filter>
    </ClInclude>
    <ClInclude Include="XMLParser.h">
      <Filter>Header Files</Filter>
    </ClInclude>
  </ItemGroup>
  <ItemGroup>
    <None Include="BltRotatedHelper.inc">
      <Filter>Header Files</Filter>
    </None>
    <None Include="DDI_Additive.inc">
      <Filter>Header Files</Filter>
    </None>
    <None Include="DDI_AlphaBlt.inc">
      <Filter>Header Files</Filter>
    </None>
    <None Include="DDI_BltRotated.inc">
      <Filter>Header Files</Filter>
    </None>
    <None Include="DDI_BltRotated_Additive.inc">
      <Filter>Header Files</Filter>
    </None>
    <None Include="DDI_FastBlt_NoAlpha.inc">
      <Filter>Header Files</Filter>
    </None>
    <None Include="DDI_FastStretch.inc">
      <Filter>Header Files</Filter>
    </None>
    <None Include="DDI_FastStretch_Additive.inc">
      <Filter>Header Files</Filter>
    </None>
    <None Include="DDI_NormalBlt_Volatile.inc">
      <Filter>Header Files</Filter>
    </None>
    <None Include="GENERIC_DrawLineAA.inc">
      <Filter>Header Files</Filter>
    </None>
    <None Include="MI_AdditiveBlt.inc">
      <Filter>Header Files</Filter>
    </None>
    <None Include="MI_BltRotated.inc">
      <Filter>Header Files</Filter>
    </None>
    <None Include="MI_BltRotated_Additive.inc">
      <Filter>Header Files</Filter>
    </None>
    <None Include="MI_GetNativeAlphaData.inc">
      <Filter>Header Files</Filter>
    </None>
    <None Include="MI_GetRLAlphaData.inc">
      <Filter>Header Files</Filter>
    </None>
    <None Include="MI_NormalBlt.inc">
      <Filter>Header Files</Filter>
    </None>
    <None Include="MI_SlowStretchBlt.inc">
      <Filter>Header Files</Filter>
    </None>
  </ItemGroup>
  <ItemGroup>
    <ClCompile Include="BassLoader.cpp">
      <Filter>Source Files</Filter>
    </ClCompile>
    <ClCompile Include="BassMusicInterface.cpp">
      <Filter>Source Files</Filter>
    </ClCompile>
    <ClCompile Include="Buffer.cpp">
      <Filter>Source Files</Filter>
    </ClCompile>
    <ClCompile Include="ButtonWidget.cpp">
      <Filter>Source Files</Filter>
    </ClCompile>
    <ClCompile Include="Checkbox.cpp">
      <Filter>Source Files</Filter>
    </ClCompile>
    <ClCompile Include="Color.cpp">
      <Filter>Source Files</Filter>
    </ClCompile>
    <ClCompile Include="Common.cpp">
      <Filter>Source Files</Filter>
    </ClCompile>
    <ClCompile Include="CritSect.cpp">
      <Filter>Source Files</Filter>
    </ClCompile>
    <ClCompile Include="CursorWidget.cpp">
      <Filter>Source Files</Filter>
    </ClCompile>
    <ClCompile Include="D3D8Helper.cpp">
      <Filter>Source Files</Filter>
    </ClCompile>
    <ClCompile Include="D3DInterface.cpp">
      <Filter>Source Files</Filter>
    </ClCompile>
    <ClCompile Include="D3DTester.cpp">
      <Filter>Source Files</Filter>
    </ClCompile>
    <ClCompile Include="DDImage.cpp">
      <Filter>Source Files</Filter>
    </ClCompile>
    <ClCompile Include="DDInterface.cpp">
      <Filter>Source Files</Filter>
    </ClCompile>
    <ClCompile Include="Debug.cpp">
      <Filter>Source Files</Filter>
    </ClCompile>
    <ClCompile Include="DescParser.cpp">
      <Filter>Source Files</Filter>
    </ClCompile>
    <ClCompile Include="Dialog.cpp">
      <Filter>Source Files</Filter>
    </ClCompile>
    <ClCompile Include="DialogButton.cpp">
      <Filter>Source Files</Filter>
    </ClCompile>
    <ClCompile Include="DirectXErrorString.cpp">
      <Filter>Source Files</Filter>
    </ClCompile>
    <ClCompile Include="DSoundInstance.cpp">
      <Filter>Source Files</Filter>
    </ClCompile>
    <ClCompile Include="DSoundManager.cpp">
      <Filter>Source Files</Filter>
    </ClCompile>
    <ClCompile Include="EditWidget.cpp">
      <Filter>Source Files</Filter>
    </ClCompile>
    <ClCompile Include="Flags.cpp">
      <Filter>Source Files</Filter>
    </ClCompile>
    <ClCompile Include="FlashWidget.cpp">
      <Filter>Source Files</Filter>
    </ClCompile>
    <ClCompile Include="FModLoader.cpp">
      <Filter>Source Files</Filter>
    </ClCompile>
    <ClCompile Include="FModMusicInterface.cpp">
      <Filter>Source Files</Filter>
    </ClCompile>
    <ClCompile Include="FModSoundInstance.cpp">
      <Filter>Source Files</Filter>
    </ClCompile>
    <ClCompile Include="FModSoundManager.cpp">
      <Filter>Source Files</Filter>
    </ClCompile>
    <ClCompile Include="Font.cpp">
      <Filter>Source Files</Filter>
    </ClCompile>
    <ClCompile Include="Graphics.cpp">
      <Filter>Source Files</Filter>
    </ClCompile>
    <ClCompile Include="GraphicsBuild.cpp">
      <Filter>Source Files</Filter>
    </ClCompile>
    <ClCompile Include="HTTPTransfer.cpp">
      <Filter>Source Files</Filter>
    </ClCompile>
    <ClCompile Include="HyperlinkWidget.cpp">
      <Filter>Source Files</Filter>
    </ClCompile>
    <ClCompile Include="Image.cpp">
      <Filter>Source Files</Filter>
    </ClCompile>
    <ClCompile Include="ImageFont.cpp">
      <Filter>Source Files</Filter>
    </ClCompile>
    <ClCompile Include="Insets.cpp">
      <Filter>Source Files</Filter>
    </ClCompile>
    <ClCompile Include="KeyCodes.cpp">
      <Filter>Source Files</Filter>
    </ClCompile>
    <ClCompile Include="ListWidget.cpp">
      <Filter>Source Files</Filter>
    </ClCompile>
    <ClCompile Include="MemoryImage.cpp">
      <Filter>Source Files</Filter>
    </ClCompile>
    <ClCompile Include="MemoryOuputModule.cpp">
      <Filter>Source Files</Filter>
    </ClCompile>
    <ClCompile Include="MiscBuild.cpp">
      <Filter>Source Files</Filter>
    </ClCompile>
    <ClCompile Include="MiscBuildBase.cpp">
      <Filter>Source Files</Filter>
    </ClCompile>
    <ClCompile Include="ModVal.cpp">
      <Filter>Source Files</Filter>
    </ClCompile>
    <ClCompile Include="MTRand.cpp">
      <Filter>Source Files</Filter>
    </ClCompile>
    <ClCompile Include="MusicInterface.cpp">
      <Filter>Source Files</Filter>
    </ClCompile>
    <ClCompile Include="NativeDisplay.cpp">
      <Filter>Source Files</Filter>
    </ClCompile>
    <ClCompile Include="old_Quantize.cpp">
      <Filter>Source Files</Filter>
    </ClCompile>
    <ClCompile Include="PerfTimer.cpp">
      <Filter>Source Files</Filter>
    </ClCompile>
    <ClCompile Include="PropertiesParser.cpp">
      <Filter>Source Files</Filter>
    </ClCompile>
    <ClCompile Include="Quantize.cpp">
      <Filter>Source Files</Filter>
    </ClCompile>
    <ClCompile Include="Ratio.cpp">
      <Filter>Source Files</Filter>
    </ClCompile>
    <ClCompile Include="ResourceManager.cpp">
      <Filter>Source Files</Filter>
    </ClCompile>
    <ClCompile Include="scrnsave.c">
      <Filter>Source Files</Filter>
    </ClCompile>
    <ClCompile Include="ScrollbarWidget.cpp">
      <Filter>Source Files</Filter>
    </ClCompile>
    <ClCompile Include="ScrollbuttonWidget.cpp">
      <Filter>Source Files</Filter>
    </ClCompile>
    <ClCompile Include="SEHCatcher.cpp">
      <Filter>Source Files</Filter>
    </ClCompile>
    <ClCompile Include="SexyAppBase.cpp">
      <Filter>Source Files</Filter>
    </ClCompile>
    <ClCompile Include="SexyMatrix.cpp">
      <Filter>Source Files</Filter>
    </ClCompile>
    <ClCompile Include="SharedImage.cpp">
      <Filter>Source Files</Filter>
    </ClCompile>
    <ClCompile Include="Slider.cpp">
      <Filter>Source Files</Filter>
    </ClCompile>
    <ClCompile Include="SoundBuild.cpp">
      <Filter>Source Files</Filter>
    </ClCompile>
    <ClCompile Include="SWTri.cpp">
      <Filter>Source Files</Filter>
    </ClCompile>
    <ClCompile Include="SWTri_DrawTriangle.cpp">
      <Filter>Source Files</Filter>
    </ClCompile>
    <ClCompile Include="SWTri_DrawTriangleInc1.cpp">
      <Filter>Source Files</Filter>
    </ClCompile>
    <ClCompile Include="SWTri_DrawTriangleInc2.cpp">
      <Filter>Source Files</Filter>
    </ClCompile>
    <ClCompile Include="SWTri_GetTexel.cpp">
      <Filter>Source Files</Filter>
    </ClCompile>
    <ClCompile Include="SWTri_Loop.cpp">
      <Filter>Source Files</Filter>
    </ClCompile>
    <ClCompile Include="SWTri_Pixel555.cpp">
      <Filter>Source Files</Filter>
    </ClCompile>
    <ClCompile Include="SWTri_Pixel565.cpp">
      <Filter>Source Files</Filter>
    </ClCompile>
    <ClCompile Include="SWTri_Pixel888.cpp">
      <Filter>Source Files</Filter>
    </ClCompile>
    <ClCompile Include="SWTri_Pixel8888.cpp">
      <Filter>Source Files</Filter>
    </ClCompile>
    <ClCompile Include="SWTri_TexelARGB.cpp">
      <Filter>Source Files</Filter>
    </ClCompile>
    <ClCompile Include="SysFont.cpp">
      <Filter>Source Files</Filter>
    </ClCompile>
    <ClCompile Include="TextWidget.cpp">
      <Filter>Source Files</Filter>
    </ClCompile>
    <ClCompile Include="Widget.cpp">
      <Filter>Source Files</Filter>
    </ClCompile>
    <ClCompile Include="WidgetBuildBase.cpp">
      <Filter>Source Files</Filter>
    </ClCompile>
    <ClCompile Include="WidgetContainer.cpp">
      <Filter>Source Files</Filter>
    </ClCompile>
    <ClCompile Include="WidgetManager.cpp">
      <Filter>Source Files</Filter>
    </ClCompile>
    <ClCompile Include="XMLParser.cpp">
      <Filter>Source Files</Filter>
    </ClCompile>
  </ItemGroup>
</Project>